<?xml version="1.0" encoding="UTF-8" standalone="yes" ?>
<CodeBlocks_project_file>
	<FileVersion major="1" minor="6" />
	<Project>
		<Option title="OOPImenik" />
		<Option pch_mode="2" />
		<Option compiler="gcc" />
		<Build>
			<Target title="default">
				<Option output="OOPImenik" prefix_auto="1" extension_auto="1" />
				<Option type="1" />
				<Option compiler="gcc" />
				<Compiler>
					<Add directory="../OOProjekat" />
				</Compiler>
			</Target>
		</Build>
		<Unit filename="DodatneInformacije.cpp" />
		<Unit filename="DodatneInformacije.h" />
		<Unit filename="Imenik.cpp" />
		<Unit filename="Imenik.h" />
		<Unit filename="Kontakt.cpp" />
		<Unit filename="Kontakt.h" />
		<Unit filename="TipKontakta.h" />
		<Unit filename="main.cpp" />
		<Extensions />
	</Project>
</CodeBlocks_project_file>
